
Microsoft Visual Studio Solution File, Format Version 12.00
# Visual Studio Version 17
VisualStudioVersion = 17.2.32526.322
MinimumVisualStudioVersion = 10.0.40219.1
Project("{FAE04EC0-301F-11D3-BF4B-00C04F79EFBC}") = "POO2", "POO2\POO2.csproj", "{3C089CBE-3208-49C2-873E-139C04B0A7DA}"
EndProject
Global
	GlobalSection(SolutionConfigurationPlatforms) = preSolution
		Debug|Any CPU = Debug|Any CPU
		Release|Any CPU = Release|Any CPU
	EndGlobalSection
	GlobalSection(ProjectConfigurationPlatforms) = postSolution
		{3C089CBE-3208-49C2-873E-139C04B0A7DA}.Debug|Any CPU.ActiveCfg = Debug|Any CPU
		{3C089CBE-3208-49C2-873E-139C04B0A7DA}.Debug|Any CPU.Build.0 = Debug|Any CPU
		{3C089CBE-3208-49C2-873E-139C04B0A7DA}.Release|Any CPU.ActiveCfg = Release|Any CPU
		{3C089CBE-3208-49C2-873E-139C04B0A7DA}.Release|Any CPU.Build.0 = Release|Any CPU
	EndGlobalSection
	GlobalSection(SolutionProperties) = preSolution
		HideSolutionNode = FALSE
	EndGlobalSection
	GlobalSection(ExtensibilityGlobals) = postSolution
		SolutionGuid = {70CAD563-E629-4971-9A0F-EABC9AD717FB}
	EndGlobalSection
EndGlobal
